{
  "name": "sum-Shanrif",
  "lockfileVersion": 3,
  "requires": true,
  "packages": {
    "": {
      "dependencies": {
        "jsverify": "^0.8.4",
        "verify": "^0.1.2"
      }
    },
    "node_modules/comerr": {
      "version": "0.0.9",
      "resolved": "https://registry.npmjs.org/comerr/-/comerr-0.0.9.tgz",
      "integrity": "sha512-jVoXtdEY1ntDzwARfeqUoQG1MNNVsIz2jjeM2m6PLkvJoJlhZoo0SAtOCUAvtrPI4wGskrzpkXTOpXk5FyIejQ=="
    },
    "node_modules/jsverify": {
      "version": "0.8.4",
      "resolved": "https://registry.npmjs.org/jsverify/-/jsverify-0.8.4.tgz",
      "integrity": "sha512-nUG73Sfi8L4eOkc7pv9sflgAm43v+z6XMuePGVdRoBUxBLJiVcMcf3Xgc4h19eHHF3JwsaagOkUu825UnPBLJw==",
      "dependencies": {
        "lazy-seq": "^1.0.0",
        "rc4": "~0.1.5",
        "trampa": "^1.0.0",
        "typify-parser": "^1.1.0"
      },
      "engines": {
        "node": ">= 0.8.0"
      }
    },
    "node_modules/lazy-seq": {
      "version": "1.0.0",
      "resolved": "https://registry.npmjs.org/lazy-seq/-/lazy-seq-1.0.0.tgz",
      "integrity": "sha512-AQ4vRcnULa7FX6R6YTAjKQAE1MuEThidVQm0TEtTpedaBpnOwid5k6go16E5NDkafel1xAsZL73WkwdG03IzhA==",
      "engines": {
        "node": ">= 0.10.0"
      }
    },
    "node_modules/rc4": {
      "version": "0.1.5",
      "resolved": "https://registry.npmjs.org/rc4/-/rc4-0.1.5.tgz",
      "integrity": "sha512-xdDTNV90z5x5u25Oc871Xnvu7yAr4tV7Eluh0VSvrhUkry39q1k+zkz7xroqHbRq+8PiazySHJPArqifUvz9VA==",
      "engines": {
        "node": ">=0.10.0"
      }
    },
    "node_modules/sift": {
      "version": "0.0.18",
      "resolved": "https://registry.npmjs.org/sift/-/sift-0.0.18.tgz",
      "integrity": "sha512-AGLWQiwxBbdCWGl9g8oOEAnc/2/VmvEL2ZmiQJXg4rLbNA+Wi8beTJV4pemehLAjiqtNNUyLYCFkNmHNm4E6QQ=="
    },
    "node_modules/structr": {
      "version": "0.2.4",
      "resolved": "https://registry.npmjs.org/structr/-/structr-0.2.4.tgz",
      "integrity": "sha512-hL77hWtJhhuhDb4od5ywwAnVUlq9Krzk4BCoWhfiPtTEHvqBqRUm6lJ5PQlCrMWyi8Cv4+AXA/Mu6dbeTN/fGA=="
    },
    "node_modules/toarray": {
      "version": "0.0.1",
      "resolved": "https://registry.npmjs.org/toarray/-/toarray-0.0.1.tgz",
      "integrity": "sha512-4EEt1cngMyDQvStibtjwHav7mCYf0mLAXYQ3z03zNacXjWjIHN01j1AtjGpEuCKX5sea+ZzyZcDXgjitxOVaww=="
    },
    "node_modules/trampa": {
      "version": "1.0.1",
      "resolved": "https://registry.npmjs.org/trampa/-/trampa-1.0.1.tgz",
      "integrity": "sha512-93WeyHNuRggPEsfCe+yHxCgM2s6H3Q8Wmlt6b6ObJL8qc7eZlRaFjQxwTrB+zbvGtlDRnAkMoYYo3+2uH/fEwA=="
    },
    "node_modules/typify-parser": {
      "version": "1.1.0",
      "resolved": "https://registry.npmjs.org/typify-parser/-/typify-parser-1.1.0.tgz",
      "integrity": "sha512-p5+L1sc6Al3bcStMwiZNxDh4ii4JxL+famEbSIUuOUMVoNn9Nz27AT1jL3x7poMHxqKK0UQIUAp5lGkKbyKkFA==",
      "engines": {
        "node": ">= 0.10.0"
      }
    },
    "node_modules/validator": {
      "version": "0.4.28",
      "resolved": "https://registry.npmjs.org/validator/-/validator-0.4.28.tgz",
      "integrity": "sha512-BWMI11MpsaRhwwBkNDb3WbeUtms1ZPThZY/wus5inSYZTEAkkeMiII00PHqzMeBC1po6tpkQ+Z22Dgbv9GHqbA==",
      "engines": {
        "node": ">=0.2.2"
      }
    },
    "node_modules/verify": {
      "version": "0.1.2",
      "resolved": "https://registry.npmjs.org/verify/-/verify-0.1.2.tgz",
      "integrity": "sha512-CuJTjEN8Haol85dRr6z+G9KAZia4ygbRBgYyX40Og9GLlw54WHaFvdxvq091nbRDn/b9rsIrvTbNQ5u6GK2mQg==",
      "dependencies": {
        "comerr": "0.0.x",
        "sift": "0.0.x",
        "structr": "0.2.x",
        "toarray": "0.0.x",
        "validator": "~0.4.13"
      }
    }
  }
}
